
Microsoft Visual Studio Solution File, Format Version 12.00
# Visual Studio Version 16
VisualStudioVersion = 16.0.31004.235
MinimumVisualStudioVersion = 10.0.40219.1
Project("{9A19103F-16F7-4668-BE54-9A1E7A4F7556}") = "Quotes.API", "src\Quotes.API\Quotes.API.csproj", "{C7983972-294C-4E15-8571-E6A685359833}"
EndProject
Project("{9A19103F-16F7-4668-BE54-9A1E7A4F7556}") = "Quotes.Domain", "src\Quotes.Domain\Quotes.Domain.csproj", "{003E4A7D-F6D8-4CA8-B8F9-80842A7E040A}"
EndProject
Project("{9A19103F-16F7-4668-BE54-9A1E7A4F7556}") = "Quotes.Infrastructure", "src\Quotes.Infrastructure\Quotes.Infrastructure.csproj", "{A3547467-E663-4228-ADEE-CD761200FC13}"
EndProject
Project("{9A19103F-16F7-4668-BE54-9A1E7A4F7556}") = "Quotes.Service", "src\Quotes.Service\Quotes.Service.csproj", "{4A1BADD0-53A2-4B62-B4C6-61256792961F}"
EndProject
Project("{9A19103F-16F7-4668-BE54-9A1E7A4F7556}") = "Quotes.ViewModels", "src\Quote.ViewModels\Quotes.ViewModels.csproj", "{0FB750DB-22F7-4D73-B52D-E123A5992ADE}"
EndProject
Project("{FAE04EC0-301F-11D3-BF4B-00C04F79EFBC}") = "Quotes.Shared", "src\Quotes.Shared\Quotes.Shared.csproj", "{B989A10B-5FF7-4554-BA86-9CC99A11FC6A}"
EndProject
Project("{2150E333-8FDC-42A3-9474-1A3956D46DE8}") = "Shared", "Shared", "{0694BBAD-7FB4-4283-A7BD-F5452EF5145B}"
EndProject
Global
	GlobalSection(SolutionConfigurationPlatforms) = preSolution
		Debug|Any CPU = Debug|Any CPU
		Release|Any CPU = Release|Any CPU
	EndGlobalSection
	GlobalSection(ProjectConfigurationPlatforms) = postSolution
		{C7983972-294C-4E15-8571-E6A685359833}.Debug|Any CPU.ActiveCfg = Debug|Any CPU
		{C7983972-294C-4E15-8571-E6A685359833}.Debug|Any CPU.Build.0 = Debug|Any CPU
		{C7983972-294C-4E15-8571-E6A685359833}.Release|Any CPU.ActiveCfg = Release|Any CPU
		{C7983972-294C-4E15-8571-E6A685359833}.Release|Any CPU.Build.0 = Release|Any CPU
		{003E4A7D-F6D8-4CA8-B8F9-80842A7E040A}.Debug|Any CPU.ActiveCfg = Debug|Any CPU
		{003E4A7D-F6D8-4CA8-B8F9-80842A7E040A}.Debug|Any CPU.Build.0 = Debug|Any CPU
		{003E4A7D-F6D8-4CA8-B8F9-80842A7E040A}.Release|Any CPU.ActiveCfg = Release|Any CPU
		{003E4A7D-F6D8-4CA8-B8F9-80842A7E040A}.Release|Any CPU.Build.0 = Release|Any CPU
		{A3547467-E663-4228-ADEE-CD761200FC13}.Debug|Any CPU.ActiveCfg = Debug|Any CPU
		{A3547467-E663-4228-ADEE-CD761200FC13}.Debug|Any CPU.Build.0 = Debug|Any CPU
		{A3547467-E663-4228-ADEE-CD761200FC13}.Release|Any CPU.ActiveCfg = Release|Any CPU
		{A3547467-E663-4228-ADEE-CD761200FC13}.Release|Any CPU.Build.0 = Release|Any CPU
		{4A1BADD0-53A2-4B62-B4C6-61256792961F}.Debug|Any CPU.ActiveCfg = Debug|Any CPU
		{4A1BADD0-53A2-4B62-B4C6-61256792961F}.Debug|Any CPU.Build.0 = Debug|Any CPU
		{4A1BADD0-53A2-4B62-B4C6-61256792961F}.Release|Any CPU.ActiveCfg = Release|Any CPU
		{4A1BADD0-53A2-4B62-B4C6-61256792961F}.Release|Any CPU.Build.0 = Release|Any CPU
		{0FB750DB-22F7-4D73-B52D-E123A5992ADE}.Debug|Any CPU.ActiveCfg = Debug|Any CPU
		{0FB750DB-22F7-4D73-B52D-E123A5992ADE}.Debug|Any CPU.Build.0 = Debug|Any CPU
		{0FB750DB-22F7-4D73-B52D-E123A5992ADE}.Release|Any CPU.ActiveCfg = Release|Any CPU
		{0FB750DB-22F7-4D73-B52D-E123A5992ADE}.Release|Any CPU.Build.0 = Release|Any CPU
		{B989A10B-5FF7-4554-BA86-9CC99A11FC6A}.Debug|Any CPU.ActiveCfg = Debug|Any CPU
		{B989A10B-5FF7-4554-BA86-9CC99A11FC6A}.Debug|Any CPU.Build.0 = Debug|Any CPU
		{B989A10B-5FF7-4554-BA86-9CC99A11FC6A}.Release|Any CPU.ActiveCfg = Release|Any CPU
		{B989A10B-5FF7-4554-BA86-9CC99A11FC6A}.Release|Any CPU.Build.0 = Release|Any CPU
	EndGlobalSection
	GlobalSection(SolutionProperties) = preSolution
		HideSolutionNode = FALSE
	EndGlobalSection
	GlobalSection(NestedProjects) = preSolution
		{B989A10B-5FF7-4554-BA86-9CC99A11FC6A} = {0694BBAD-7FB4-4283-A7BD-F5452EF5145B}
	EndGlobalSection
	GlobalSection(ExtensibilityGlobals) = postSolution
		SolutionGuid = {DD4EC9CD-67EF-40EC-B8F5-847CE466867A}
	EndGlobalSection
EndGlobal
