
Microsoft Visual Studio Solution File, Format Version 12.00
# Visual Studio Version 16
VisualStudioVersion = 16.0.31004.235
MinimumVisualStudioVersion = 10.0.40219.1
Project("{9A19103F-16F7-4668-BE54-9A1E7A4F7556}") = "Quotes.API", "src\Quotes.API\Quotes.API.csproj", "{C7983972-294C-4E15-8571-E6A685359833}"
EndProject
Project("{9A19103F-16F7-4668-BE54-9A1E7A4F7556}") = "Quotes.Domain", "src\Quotes.Domain\Quotes.Domain.csproj", "{003E4A7D-F6D8-4CA8-B8F9-80842A7E040A}"
EndProject
Project("{9A19103F-16F7-4668-BE54-9A1E7A4F7556}") = "Quotes.Infrastructure", "src\Quotes.Infrastructure\Quotes.Infrastructure.csproj", "{A3547467-E663-4228-ADEE-CD761200FC13}"
EndProject
Global
	GlobalSection(SolutionConfigurationPlatforms) = preSolution
		Debug|Any CPU = Debug|Any CPU
		Release|Any CPU = Release|Any CPU
	EndGlobalSection
	GlobalSection(ProjectConfigurationPlatforms) = postSolution
		{C7983972-294C-4E15-8571-E6A685359833}.Debug|Any CPU.ActiveCfg = Debug|Any CPU
		{C7983972-294C-4E15-8571-E6A685359833}.Debug|Any CPU.Build.0 = Debug|Any CPU
		{C7983972-294C-4E15-8571-E6A685359833}.Release|Any CPU.ActiveCfg = Release|Any CPU
		{C7983972-294C-4E15-8571-E6A685359833}.Release|Any CPU.Build.0 = Release|Any CPU
		{003E4A7D-F6D8-4CA8-B8F9-80842A7E040A}.Debug|Any CPU.ActiveCfg = Debug|Any CPU
		{003E4A7D-F6D8-4CA8-B8F9-80842A7E040A}.Debug|Any CPU.Build.0 = Debug|Any CPU
		{003E4A7D-F6D8-4CA8-B8F9-80842A7E040A}.Release|Any CPU.ActiveCfg = Release|Any CPU
		{003E4A7D-F6D8-4CA8-B8F9-80842A7E040A}.Release|Any CPU.Build.0 = Release|Any CPU
		{A3547467-E663-4228-ADEE-CD761200FC13}.Debug|Any CPU.ActiveCfg = Debug|Any CPU
		{A3547467-E663-4228-ADEE-CD761200FC13}.Debug|Any CPU.Build.0 = Debug|Any CPU
		{A3547467-E663-4228-ADEE-CD761200FC13}.Release|Any CPU.ActiveCfg = Release|Any CPU
		{A3547467-E663-4228-ADEE-CD761200FC13}.Release|Any CPU.Build.0 = Release|Any CPU
	EndGlobalSection
	GlobalSection(SolutionProperties) = preSolution
		HideSolutionNode = FALSE
	EndGlobalSection
	GlobalSection(ExtensibilityGlobals) = postSolution
		SolutionGuid = {DD4EC9CD-67EF-40EC-B8F5-847CE466867A}
	EndGlobalSection
EndGlobal
